
Microsoft Visual Studio Solution File, Format Version 12.00
# Visual Studio Version 16
VisualStudioVersion = 16.0.30907.101
MinimumVisualStudioVersion = 10.0.40219.1
Project("{FAE04EC0-301F-11D3-BF4B-00C04F79EFBC}") = "XFImageGallery.UWP", "XFImageGallery\XFImageGallery.UWP\XFImageGallery.UWP.csproj", "{E23687B0-1E1D-4787-8A43-E0636285E31B}"
EndProject
Project("{FAE04EC0-301F-11D3-BF4B-00C04F79EFBC}") = "XFImageGallery.Android", "XFImageGallery\XFImageGallery.Android\XFImageGallery.Android.csproj", "{4E6CF7BF-ADA4-49C8-B2D8-F810D40ABDA8}"
EndProject
Project("{FAE04EC0-301F-11D3-BF4B-00C04F79EFBC}") = "XFImageGallery.iOS", "XFImageGallery\XFImageGallery.iOS\XFImageGallery.iOS.csproj", "{26CA9515-803E-411D-B7B7-657066534369}"
EndProject
Project("{FAE04EC0-301F-11D3-BF4B-00C04F79EFBC}") = "XFImageGallery", "XFImageGallery\XFImageGallery\XFImageGallery.csproj", "{60EB0110-BEB5-441F-ABFE-109FFA19110D}"
EndProject
Global
	GlobalSection(SolutionConfigurationPlatforms) = preSolution
		Debug|Any CPU = Debug|Any CPU
		Debug|ARM = Debug|ARM
		Debug|iPhone = Debug|iPhone
		Debug|iPhoneSimulator = Debug|iPhoneSimulator
		Debug|x64 = Debug|x64
		Debug|x86 = Debug|x86
		Release|Any CPU = Release|Any CPU
		Release|ARM = Release|ARM
		Release|iPhone = Release|iPhone
		Release|iPhoneSimulator = Release|iPhoneSimulator
		Release|x64 = Release|x64
		Release|x86 = Release|x86
	EndGlobalSection
	GlobalSection(ProjectConfigurationPlatforms) = postSolution
		{E23687B0-1E1D-4787-8A43-E0636285E31B}.Debug|Any CPU.ActiveCfg = Debug|x86
		{E23687B0-1E1D-4787-8A43-E0636285E31B}.Debug|Any CPU.Build.0 = Debug|x86
		{E23687B0-1E1D-4787-8A43-E0636285E31B}.Debug|Any CPU.Deploy.0 = Debug|x86
		{E23687B0-1E1D-4787-8A43-E0636285E31B}.Debug|ARM.ActiveCfg = Debug|ARM
		{E23687B0-1E1D-4787-8A43-E0636285E31B}.Debug|ARM.Build.0 = Debug|ARM
		{E23687B0-1E1D-4787-8A43-E0636285E31B}.Debug|ARM.Deploy.0 = Debug|ARM
		{E23687B0-1E1D-4787-8A43-E0636285E31B}.Debug|iPhone.ActiveCfg = Debug|x86
		{E23687B0-1E1D-4787-8A43-E0636285E31B}.Debug|iPhone.Build.0 = Debug|x86
		{E23687B0-1E1D-4787-8A43-E0636285E31B}.Debug|iPhone.Deploy.0 = Debug|x86
		{E23687B0-1E1D-4787-8A43-E0636285E31B}.Debug|iPhoneSimulator.ActiveCfg = Debug|x86
		{E23687B0-1E1D-4787-8A43-E0636285E31B}.Debug|iPhoneSimulator.Build.0 = Debug|x86
		{E23687B0-1E1D-4787-8A43-E0636285E31B}.Debug|iPhoneSimulator.Deploy.0 = Debug|x86
		{E23687B0-1E1D-4787-8A43-E0636285E31B}.Debug|x64.ActiveCfg = Debug|x64
		{E23687B0-1E1D-4787-8A43-E0636285E31B}.Debug|x64.Build.0 = Debug|x64
		{E23687B0-1E1D-4787-8A43-E0636285E31B}.Debug|x64.Deploy.0 = Debug|x64
		{E23687B0-1E1D-4787-8A43-E0636285E31B}.Debug|x86.ActiveCfg = Debug|x86
		{E23687B0-1E1D-4787-8A43-E0636285E31B}.Debug|x86.Build.0 = Debug|x86
		{E23687B0-1E1D-4787-8A43-E0636285E31B}.Debug|x86.Deploy.0 = Debug|x86
		{E23687B0-1E1D-4787-8A43-E0636285E31B}.Release|Any CPU.ActiveCfg = Release|x86
		{E23687B0-1E1D-4787-8A43-E0636285E31B}.Release|Any CPU.Build.0 = Release|x86
		{E23687B0-1E1D-4787-8A43-E0636285E31B}.Release|Any CPU.Deploy.0 = Release|x86
		{E23687B0-1E1D-4787-8A43-E0636285E31B}.Release|ARM.ActiveCfg = Release|ARM
		{E23687B0-1E1D-4787-8A43-E0636285E31B}.Release|ARM.Build.0 = Release|ARM
		{E23687B0-1E1D-4787-8A43-E0636285E31B}.Release|ARM.Deploy.0 = Release|ARM
		{E23687B0-1E1D-4787-8A43-E0636285E31B}.Release|iPhone.ActiveCfg = Release|x86
		{E23687B0-1E1D-4787-8A43-E0636285E31B}.Release|iPhone.Build.0 = Release|x86
		{E23687B0-1E1D-4787-8A43-E0636285E31B}.Release|iPhone.Deploy.0 = Release|x86
		{E23687B0-1E1D-4787-8A43-E0636285E31B}.Release|iPhoneSimulator.ActiveCfg = Release|x86
		{E23687B0-1E1D-4787-8A43-E0636285E31B}.Release|iPhoneSimulator.Build.0 = Release|x86
		{E23687B0-1E1D-4787-8A43-E0636285E31B}.Release|iPhoneSimulator.Deploy.0 = Release|x86
		{E23687B0-1E1D-4787-8A43-E0636285E31B}.Release|x64.ActiveCfg = Release|x64
		{E23687B0-1E1D-4787-8A43-E0636285E31B}.Release|x64.Build.0 = Release|x64
		{E23687B0-1E1D-4787-8A43-E0636285E31B}.Release|x64.Deploy.0 = Release|x64
		{E23687B0-1E1D-4787-8A43-E0636285E31B}.Release|x86.ActiveCfg = Release|x86
		{E23687B0-1E1D-4787-8A43-E0636285E31B}.Release|x86.Build.0 = Release|x86
		{E23687B0-1E1D-4787-8A43-E0636285E31B}.Release|x86.Deploy.0 = Release|x86
		{4E6CF7BF-ADA4-49C8-B2D8-F810D40ABDA8}.Debug|Any CPU.ActiveCfg = Debug|Any CPU
		{4E6CF7BF-ADA4-49C8-B2D8-F810D40ABDA8}.Debug|Any CPU.Build.0 = Debug|Any CPU
		{4E6CF7BF-ADA4-49C8-B2D8-F810D40ABDA8}.Debug|Any CPU.Deploy.0 = Debug|Any CPU
		{4E6CF7BF-ADA4-49C8-B2D8-F810D40ABDA8}.Debug|ARM.ActiveCfg = Debug|Any CPU
		{4E6CF7BF-ADA4-49C8-B2D8-F810D40ABDA8}.Debug|ARM.Build.0 = Debug|Any CPU
		{4E6CF7BF-ADA4-49C8-B2D8-F810D40ABDA8}.Debug|ARM.Deploy.0 = Debug|Any CPU
		{4E6CF7BF-ADA4-49C8-B2D8-F810D40ABDA8}.Debug|iPhone.ActiveCfg = Debug|Any CPU
		{4E6CF7BF-ADA4-49C8-B2D8-F810D40ABDA8}.Debug|iPhone.Build.0 = Debug|Any CPU
		{4E6CF7BF-ADA4-49C8-B2D8-F810D40ABDA8}.Debug|iPhone.Deploy.0 = Debug|Any CPU
		{4E6CF7BF-ADA4-49C8-B2D8-F810D40ABDA8}.Debug|iPhoneSimulator.ActiveCfg = Debug|Any CPU
		{4E6CF7BF-ADA4-49C8-B2D8-F810D40ABDA8}.Debug|iPhoneSimulator.Build.0 = Debug|Any CPU
		{4E6CF7BF-ADA4-49C8-B2D8-F810D40ABDA8}.Debug|iPhoneSimulator.Deploy.0 = Debug|Any CPU
		{4E6CF7BF-ADA4-49C8-B2D8-F810D40ABDA8}.Debug|x64.ActiveCfg = Debug|Any CPU
		{4E6CF7BF-ADA4-49C8-B2D8-F810D40ABDA8}.Debug|x64.Build.0 = Debug|Any CPU
		{4E6CF7BF-ADA4-49C8-B2D8-F810D40ABDA8}.Debug|x64.Deploy.0 = Debug|Any CPU
		{4E6CF7BF-ADA4-49C8-B2D8-F810D40ABDA8}.Debug|x86.ActiveCfg = Debug|Any CPU
		{4E6CF7BF-ADA4-49C8-B2D8-F810D40ABDA8}.Debug|x86.Build.0 = Debug|Any CPU
		{4E6CF7BF-ADA4-49C8-B2D8-F810D40ABDA8}.Debug|x86.Deploy.0 = Debug|Any CPU
		{4E6CF7BF-ADA4-49C8-B2D8-F810D40ABDA8}.Release|Any CPU.ActiveCfg = Release|Any CPU
		{4E6CF7BF-ADA4-49C8-B2D8-F810D40ABDA8}.Release|Any CPU.Build.0 = Release|Any CPU
		{4E6CF7BF-ADA4-49C8-B2D8-F810D40ABDA8}.Release|Any CPU.Deploy.0 = Release|Any CPU
		{4E6CF7BF-ADA4-49C8-B2D8-F810D40ABDA8}.Release|ARM.ActiveCfg = Release|Any CPU
		{4E6CF7BF-ADA4-49C8-B2D8-F810D40ABDA8}.Release|ARM.Build.0 = Release|Any CPU
		{4E6CF7BF-ADA4-49C8-B2D8-F810D40ABDA8}.Release|ARM.Deploy.0 = Release|Any CPU
		{4E6CF7BF-ADA4-49C8-B2D8-F810D40ABDA8}.Release|iPhone.ActiveCfg = Release|Any CPU
		{4E6CF7BF-ADA4-49C8-B2D8-F810D40ABDA8}.Release|iPhone.Build.0 = Release|Any CPU
		{4E6CF7BF-ADA4-49C8-B2D8-F810D40ABDA8}.Release|iPhone.Deploy.0 = Release|Any CPU
		{4E6CF7BF-ADA4-49C8-B2D8-F810D40ABDA8}.Release|iPhoneSimulator.ActiveCfg = Release|Any CPU
		{4E6CF7BF-ADA4-49C8-B2D8-F810D40ABDA8}.Release|iPhoneSimulator.Build.0 = Release|Any CPU
		{4E6CF7BF-ADA4-49C8-B2D8-F810D40ABDA8}.Release|iPhoneSimulator.Deploy.0 = Release|Any CPU
		{4E6CF7BF-ADA4-49C8-B2D8-F810D40ABDA8}.Release|x64.ActiveCfg = Release|Any CPU
		{4E6CF7BF-ADA4-49C8-B2D8-F810D40ABDA8}.Release|x64.Build.0 = Release|Any CPU
		{4E6CF7BF-ADA4-49C8-B2D8-F810D40ABDA8}.Release|x64.Deploy.0 = Release|Any CPU
		{4E6CF7BF-ADA4-49C8-B2D8-F810D40ABDA8}.Release|x86.ActiveCfg = Release|Any CPU
		{4E6CF7BF-ADA4-49C8-B2D8-F810D40ABDA8}.Release|x86.Build.0 = Release|Any CPU
		{4E6CF7BF-ADA4-49C8-B2D8-F810D40ABDA8}.Release|x86.Deploy.0 = Release|Any CPU
		{26CA9515-803E-411D-B7B7-657066534369}.Debug|Any CPU.ActiveCfg = Debug|iPhoneSimulator
		{26CA9515-803E-411D-B7B7-657066534369}.Debug|Any CPU.Build.0 = Debug|iPhoneSimulator
		{26CA9515-803E-411D-B7B7-657066534369}.Debug|Any CPU.Deploy.0 = Debug|iPhoneSimulator
		{26CA9515-803E-411D-B7B7-657066534369}.Debug|ARM.ActiveCfg = Debug|iPhone
		{26CA9515-803E-411D-B7B7-657066534369}.Debug|ARM.Build.0 = Debug|iPhone
		{26CA9515-803E-411D-B7B7-657066534369}.Debug|ARM.Deploy.0 = Debug|iPhone
		{26CA9515-803E-411D-B7B7-657066534369}.Debug|iPhone.ActiveCfg = Debug|iPhone
		{26CA9515-803E-411D-B7B7-657066534369}.Debug|iPhone.Build.0 = Debug|iPhone
		{26CA9515-803E-411D-B7B7-657066534369}.Debug|iPhone.Deploy.0 = Debug|iPhone
		{26CA9515-803E-411D-B7B7-657066534369}.Debug|iPhoneSimulator.ActiveCfg = Debug|iPhoneSimulator
		{26CA9515-803E-411D-B7B7-657066534369}.Debug|iPhoneSimulator.Build.0 = Debug|iPhoneSimulator
		{26CA9515-803E-411D-B7B7-657066534369}.Debug|iPhoneSimulator.Deploy.0 = Debug|iPhoneSimulator
		{26CA9515-803E-411D-B7B7-657066534369}.Debug|x64.ActiveCfg = Debug|iPhoneSimulator
		{26CA9515-803E-411D-B7B7-657066534369}.Debug|x64.Build.0 = Debug|iPhoneSimulator
		{26CA9515-803E-411D-B7B7-657066534369}.Debug|x64.Deploy.0 = Debug|iPhoneSimulator
		{26CA9515-803E-411D-B7B7-657066534369}.Debug|x86.ActiveCfg = Debug|iPhoneSimulator
		{26CA9515-803E-411D-B7B7-657066534369}.Debug|x86.Build.0 = Debug|iPhoneSimulator
		{26CA9515-803E-411D-B7B7-657066534369}.Debug|x86.Deploy.0 = Debug|iPhoneSimulator
		{26CA9515-803E-411D-B7B7-657066534369}.Release|Any CPU.ActiveCfg = Release|iPhoneSimulator
		{26CA9515-803E-411D-B7B7-657066534369}.Release|Any CPU.Build.0 = Release|iPhoneSimulator
		{26CA9515-803E-411D-B7B7-657066534369}.Release|Any CPU.Deploy.0 = Release|iPhoneSimulator
		{26CA9515-803E-411D-B7B7-657066534369}.Release|ARM.ActiveCfg = Release|iPhoneSimulator
		{26CA9515-803E-411D-B7B7-657066534369}.Release|ARM.Build.0 = Release|iPhoneSimulator
		{26CA9515-803E-411D-B7B7-657066534369}.Release|ARM.Deploy.0 = Release|iPhoneSimulator
		{26CA9515-803E-411D-B7B7-657066534369}.Release|iPhone.ActiveCfg = Release|iPhone
		{26CA9515-803E-411D-B7B7-657066534369}.Release|iPhone.Build.0 = Release|iPhone
		{26CA9515-803E-411D-B7B7-657066534369}.Release|iPhone.Deploy.0 = Release|iPhone
		{26CA9515-803E-411D-B7B7-657066534369}.Release|iPhoneSimulator.ActiveCfg = Release|iPhoneSimulator
		{26CA9515-803E-411D-B7B7-657066534369}.Release|iPhoneSimulator.Build.0 = Release|iPhoneSimulator
		{26CA9515-803E-411D-B7B7-657066534369}.Release|iPhoneSimulator.Deploy.0 = Release|iPhoneSimulator
		{26CA9515-803E-411D-B7B7-657066534369}.Release|x64.ActiveCfg = Release|iPhoneSimulator
		{26CA9515-803E-411D-B7B7-657066534369}.Release|x64.Build.0 = Release|iPhoneSimulator
		{26CA9515-803E-411D-B7B7-657066534369}.Release|x64.Deploy.0 = Release|iPhoneSimulator
		{26CA9515-803E-411D-B7B7-657066534369}.Release|x86.ActiveCfg = Release|iPhoneSimulator
		{26CA9515-803E-411D-B7B7-657066534369}.Release|x86.Build.0 = Release|iPhoneSimulator
		{26CA9515-803E-411D-B7B7-657066534369}.Release|x86.Deploy.0 = Release|iPhoneSimulator
		{60EB0110-BEB5-441F-ABFE-109FFA19110D}.Debug|Any CPU.ActiveCfg = Debug|Any CPU
		{60EB0110-BEB5-441F-ABFE-109FFA19110D}.Debug|Any CPU.Build.0 = Debug|Any CPU
		{60EB0110-BEB5-441F-ABFE-109FFA19110D}.Debug|Any CPU.Deploy.0 = Debug|Any CPU
		{60EB0110-BEB5-441F-ABFE-109FFA19110D}.Debug|ARM.ActiveCfg = Debug|Any CPU
		{60EB0110-BEB5-441F-ABFE-109FFA19110D}.Debug|ARM.Build.0 = Debug|Any CPU
		{60EB0110-BEB5-441F-ABFE-109FFA19110D}.Debug|ARM.Deploy.0 = Debug|Any CPU
		{60EB0110-BEB5-441F-ABFE-109FFA19110D}.Debug|iPhone.ActiveCfg = Debug|Any CPU
		{60EB0110-BEB5-441F-ABFE-109FFA19110D}.Debug|iPhone.Build.0 = Debug|Any CPU
		{60EB0110-BEB5-441F-ABFE-109FFA19110D}.Debug|iPhone.Deploy.0 = Debug|Any CPU
		{60EB0110-BEB5-441F-ABFE-109FFA19110D}.Debug|iPhoneSimulator.ActiveCfg = Debug|Any CPU
		{60EB0110-BEB5-441F-ABFE-109FFA19110D}.Debug|iPhoneSimulator.Build.0 = Debug|Any CPU
		{60EB0110-BEB5-441F-ABFE-109FFA19110D}.Debug|iPhoneSimulator.Deploy.0 = Debug|Any CPU
		{60EB0110-BEB5-441F-ABFE-109FFA19110D}.Debug|x64.ActiveCfg = Debug|Any CPU
		{60EB0110-BEB5-441F-ABFE-109FFA19110D}.Debug|x64.Build.0 = Debug|Any CPU
		{60EB0110-BEB5-441F-ABFE-109FFA19110D}.Debug|x64.Deploy.0 = Debug|Any CPU
		{60EB0110-BEB5-441F-ABFE-109FFA19110D}.Debug|x86.ActiveCfg = Debug|Any CPU
		{60EB0110-BEB5-441F-ABFE-109FFA19110D}.Debug|x86.Build.0 = Debug|Any CPU
		{60EB0110-BEB5-441F-ABFE-109FFA19110D}.Debug|x86.Deploy.0 = Debug|Any CPU
		{60EB0110-BEB5-441F-ABFE-109FFA19110D}.Release|Any CPU.ActiveCfg = Release|Any CPU
		{60EB0110-BEB5-441F-ABFE-109FFA19110D}.Release|Any CPU.Build.0 = Release|Any CPU
		{60EB0110-BEB5-441F-ABFE-109FFA19110D}.Release|Any CPU.Deploy.0 = Release|Any CPU
		{60EB0110-BEB5-441F-ABFE-109FFA19110D}.Release|ARM.ActiveCfg = Release|Any CPU
		{60EB0110-BEB5-441F-ABFE-109FFA19110D}.Release|ARM.Build.0 = Release|Any CPU
		{60EB0110-BEB5-441F-ABFE-109FFA19110D}.Release|ARM.Deploy.0 = Release|Any CPU
		{60EB0110-BEB5-441F-ABFE-109FFA19110D}.Release|iPhone.ActiveCfg = Release|Any CPU
		{60EB0110-BEB5-441F-ABFE-109FFA19110D}.Release|iPhone.Build.0 = Release|Any CPU
		{60EB0110-BEB5-441F-ABFE-109FFA19110D}.Release|iPhone.Deploy.0 = Release|Any CPU
		{60EB0110-BEB5-441F-ABFE-109FFA19110D}.Release|iPhoneSimulator.ActiveCfg = Release|Any CPU
		{60EB0110-BEB5-441F-ABFE-109FFA19110D}.Release|iPhoneSimulator.Build.0 = Release|Any CPU
		{60EB0110-BEB5-441F-ABFE-109FFA19110D}.Release|iPhoneSimulator.Deploy.0 = Release|Any CPU
		{60EB0110-BEB5-441F-ABFE-109FFA19110D}.Release|x64.ActiveCfg = Release|Any CPU
		{60EB0110-BEB5-441F-ABFE-109FFA19110D}.Release|x64.Build.0 = Release|Any CPU
		{60EB0110-BEB5-441F-ABFE-109FFA19110D}.Release|x64.Deploy.0 = Release|Any CPU
		{60EB0110-BEB5-441F-ABFE-109FFA19110D}.Release|x86.ActiveCfg = Release|Any CPU
		{60EB0110-BEB5-441F-ABFE-109FFA19110D}.Release|x86.Build.0 = Release|Any CPU
		{60EB0110-BEB5-441F-ABFE-109FFA19110D}.Release|x86.Deploy.0 = Release|Any CPU
	EndGlobalSection
	GlobalSection(SolutionProperties) = preSolution
		HideSolutionNode = FALSE
	EndGlobalSection
	GlobalSection(ExtensibilityGlobals) = postSolution
		SolutionGuid = {F3949E5D-CD70-47A8-A65B-314B1F132D7E}
	EndGlobalSection
EndGlobal
